#
# This file is autogenerated by pip-compile with Python 3.13
# by the following command:
#
#    pip-compile --output-file=requirements.lock requirements.txt
#
aiohappyeyeballs==2.7.1
    # via aiohttp
aiohttp==3.14.3
    # via
    #   kubernetes
    #   langchain-community
aiosignal==1.4.0
    # via aiohttp
annotated-doc==0.0.5
    # via typer
annotated-types==0.8.0
    # via pydantic
anyio==4.14.2
    # via
    #   httpx
    #   langsmith
    #   watchfiles
asgiref==3.12.1
    # via
    #   django
    #   django-cors-headers
attrs==26.1.0
    # via
    #   aiohttp
    #   jsonschema
    #   referencing
bcrypt==5.0.0
    # via chromadb
bibtexparser==1.4.4
    # via pyzotero
bm25s==0.3.10
    # via -r requirements.txt
build==1.5.0
    # via
    #   chromadb
    #   pip-tools
certifi==2026.7.22
    # via
    #   httpcore
    #   httpx
    #   kubernetes
    #   requests
charset-normalizer==3.4.9
    # via requests
chromadb==1.5.9
    # via -r requirements.txt
click==8.4.2
    # via
    #   huggingface-hub
    #   pip-tools
    #   sacremoses
    #   uvicorn
cuda-bindings==13.3.1
    # via torch
cuda-pathfinder==1.6.0
    # via cuda-bindings
cuda-toolkit[cublas,cudart,cufft,cufile,cupti,curand,cusolver,cusparse,nvjitlink,nvrtc,nvtx]==13.0.3.0
    # via torch
dataclasses-json==0.6.7
    # via langchain-community
defusedxml==0.7.1
    # via youtube-transcript-api
distro==1.9.0
    # via langsmith
django==6.0.8
    # via
    #   -r requirements.txt
    #   django-cors-headers
    #   django-otp
    #   djangorestframework
    #   djangorestframework-simplejwt
django-cors-headers==4.9.0
    # via -r requirements.txt
django-otp==1.7.0
    # via -r requirements.txt
djangorestframework==3.17.2
    # via
    #   -r requirements.txt
    #   djangorestframework-simplejwt
djangorestframework-simplejwt==5.5.1
    # via -r requirements.txt
duckdb==1.5.5
    # via -r requirements.txt
durationpy==0.10
    # via kubernetes
et-xmlfile==2.0.0
    # via openpyxl
feedparser==6.0.14
    # via pyzotero
feedparser-sgmllib==2.1.0
    # via feedparser
filelock==3.32.2
    # via
    #   huggingface-hub
    #   torch
flatbuffers==25.12.19
    # via onnxruntime
frozenlist==1.8.0
    # via
    #   aiohttp
    #   aiosignal
fsspec==2026.7.0
    # via
    #   huggingface-hub
    #   torch
googleapis-common-protos==1.75.0
    # via opentelemetry-exporter-otlp-proto-grpc
greenlet==3.5.4
    # via sqlalchemy
grpcio==1.83.0
    # via
    #   chromadb
    #   opentelemetry-exporter-otlp-proto-grpc
h11==0.16.0
    # via
    #   httpcore
    #   uvicorn
hf-xet==1.6.0
    # via huggingface-hub
httpcore==1.0.9
    # via httpx
httptools==0.8.0
    # via uvicorn
httpx==0.28.1
    # via
    #   chromadb
    #   huggingface-hub
    #   langgraph-sdk
    #   langsmith
    #   ollama
    #   pyzotero
httpx-sse==0.4.3
    # via langchain-community
huggingface-hub==1.26.0
    # via
    #   -r requirements.txt
    #   sentence-transformers
    #   tokenizers
    #   transformers
idna==3.18
    # via
    #   anyio
    #   httpx
    #   requests
    #   yarl
importlib-resources==7.1.0
    # via chromadb
iniconfig==2.3.0
    # via pytest
jinja2==3.1.6
    # via torch
joblib==1.5.3
    # via
    #   sacremoses
    #   scikit-learn
jsonpatch==1.33
    # via langchain-core
jsonpointer==3.1.1
    # via jsonpatch
jsonschema==4.26.0
    # via chromadb
jsonschema-specifications==2025.9.1
    # via jsonschema
kubernetes==36.0.3
    # via chromadb
langchain==1.0.0a1
    # via
    #   -r requirements.txt
    #   langchain-community
langchain-community==0.3.31
    # via -r requirements.txt
langchain-core==0.3.86
    # via
    #   langchain
    #   langchain-community
    #   langchain-text-splitters
    #   langgraph
    #   langgraph-checkpoint
    #   langgraph-prebuilt
langchain-text-splitters==0.3.11
    # via langchain
langgraph==1.0.1
    # via langchain
langgraph-checkpoint==3.0.1
    # via
    #   langgraph
    #   langgraph-prebuilt
langgraph-prebuilt==1.0.1
    # via langgraph
langgraph-sdk==0.2.15
    # via langgraph
langsmith==0.10.15
    # via
    #   langchain-community
    #   langchain-core
markdown-it-py==4.2.0
    # via rich
markupsafe==3.0.3
    # via jinja2
marshmallow==3.26.2
    # via dataclasses-json
mdurl==0.1.2
    # via markdown-it-py
mmh3==5.2.1
    # via chromadb
mpmath==1.3.0
    # via sympy
multidict==6.7.1
    # via
    #   aiohttp
    #   yarl
mypy-extensions==1.1.0
    # via typing-inspect
narwhals==2.24.0
    # via scikit-learn
networkx==3.6.1
    # via torch
numpy==2.2.1
    # via
    #   -r requirements.txt
    #   bm25s
    #   chromadb
    #   langchain-community
    #   onnxruntime
    #   pandas
    #   scikit-learn
    #   scipy
    #   sentence-transformers
    #   transformers
nvidia-cublas==13.1.1.3
    # via
    #   cuda-toolkit
    #   nvidia-cudnn-cu13
    #   nvidia-cusolver
nvidia-cuda-cupti==13.0.85
    # via cuda-toolkit
nvidia-cuda-nvrtc==13.0.88
    # viazƒ
    #   cuda-toolkit
    #   nvidia-cublas
nvidia-cuda-runtime==13.0.96
    # via cuda-toolkit
nvidia-cudnn-cu13==9.20.0.48
    # via torch
nvidia-cufft==12.0.0.61
    # via cuda-toolkit
nvidia-cufile==1.15.1.6
    # via cuda-toolkit
nvidia-curand==10.4.0.35
    # via cuda-toolkit
nvidia-cusolver==12.0.4.66
    # via cuda-toolkit
nvidia-cusparse==12.6.3.3
    # via
    #   cuda-toolkit
    #   nvidia-cusolver
nvidia-cusparselt-cu13==0.8.1
    # via torch
nvidia-nccl-cu13==2.29.7
    # via torch
nvidia-nvjitlink==13.3.33
    # via
    #   cuda-toolkit
    #   nvidia-cufft
    #   nvidia-cusolver
    #   nvidia-cusparse
nvidia-nvshmem-cu13==3.4.5
    # via torch
nvidia-nvtx==13.0.85
    # via cuda-toolkit
oauthlib==3.3.1
    # via requests-oauthlib
ollama==0.6.2
    # via -r requirements.txt
onnxruntime==1.28.0
    # via chromadb
openpyxl==3.1.5
    # via -r requirements.txt
opentelemetry-api==1.44.0
    # via
    #   chromadb
    #   opentelemetry-exporter-otlp-proto-grpc
    #   opentelemetry-sdk
    #   opentelemetry-semantic-conventions
opentelemetry-exporter-otlp-proto-common==1.44.0
    # via opentelemetry-exporter-otlp-proto-grpc
opentelemetry-exporter-otlp-proto-grpc==1.44.0
    # via chromadb
opentelemetry-proto==1.44.0
    # via
    #   opentelemetry-exporter-otlp-proto-common
    #   opentelemetry-exporter-otlp-proto-grpc
opentelemetry-sdk==1.44.0
    # via
    #   chromadb
    #   opentelemetry-exporter-otlp-proto-grpc
opentelemetry-semantic-conventions==0.65b0
    # via opentelemetry-sdk
orjson==3.11.9
    # via
    #   chromadb
    #   langgraph-sdk
    #   langsmith
ormsgpack==1.12.2
    # via langgraph-checkpoint
overrides==7.7.0
    # via chromadb
packaging==25.0
    # via
    #   build
    #   huggingface-hub
    #   langchain-core
    #   langsmith
    #   marshmallow
    #   onnxruntime
    #   pytest
    #   transformers
    #   wheel
pandas==3.0.5
    # via -r requirements.txt
pdfkit==1.0.0
    # via -r requirements.txt
pip-tools==7.6.0
    # via -r requirements.txt
pluggy==1.6.0
    # via pytest
propcache==0.5.2
    # via
    #   aiohttp
    #   yarl
protobuf==7.35.1
    # via
    #   googleapis-common-protos
    #   onnxruntime
    #   opentelemetry-proto
psycopg2-binary==2.9.12
    # via -r requirements.txt
pybase64==1.4.3
    # via chromadb
pycryptodome==3.19.1
    # via -r requirements.txt
pydantic==2.13.4
    # via
    #   chromadb
    #   langchain
    #   langchain-core
    #   langgraph
    #   langsmith
    #   ollama
    #   pydantic-settings
pydantic-core==2.46.4
    # via pydantic
pydantic-settings==2.14.2
    # via
    #   chromadb
    #   langchain-community
pygments==2.20.0
    # via
    #   pytest
    #   rich
pyjwt==2.13.0
    # via djangorestframework-simplejwt
pymupdf==1.24.14
    # via -r requirements.txt
pyparsing==3.3.2
    # via bibtexparser
pypdf==6.14.2
    # via -r requirements.txt
pypika==0.51.1
    # via chromadb
pyproject-hooks==1.2.0
    # via
    #   build
    #   pip-tools
pystemmer==3.1.0
    # via -r requirements.txt
pytest==9.1.1
    # via pytest-django
pytest-django==4.12.0
    # via -r requirements.txt
python-dateutil==2.9.0.post0
    # via
    #   kubernetes
    #   pandas
python-dotenv==1.2.2
    # via
    #   -r requirements.txt
    #   pydantic-settings
    #   uvicorn
pytube==15.0.0
    # via -r requirements.txt
pyyaml==6.0.3
    # via
    #   chromadb
    #   huggingface-hub
    #   kubernetes
    #   langchain-community
    #   langchain-core
    #   transformers
    #   uvicorn
pyzotero==1.13.3
    # via -r requirements.txt
qrcode==8.2
    # via -r requirements.txt
referencing==0.37.0
    # via
    #   jsonschema
    #   jsonschema-specifications
regex==2026.7.19
    # via
    #   sacremoses
    #   transformers
requests==2.34.2
    # via
    #   -r requirements.txt
    #   kubernetes
    #   langchain-community
    #   langsmith
    #   requests-oauthlib
    #   requests-toolbelt
    #   youtube-transcript-api
requests-oauthlib==2.0.0
    # via kubernetes
requests-toolbelt==1.0.0
    # via langsmith
rich==15.0.0
    # via
    #   chromadb
    #   typer
rpds-py==2026.6.3
    # via
    #   jsonschema
    #   referencing
sacremoses==0.1.1
    # via -r requirements.txt
safetensors==0.8.0
    # via transformers
scikit-learn==1.9.0
    # via sentence-transformers
scipy==1.18.0
    # via
    #   scikit-learn
    #   sentence-transformers
sentence-transformers==5.6.1
    # via -r requirements.txt
shellingham==1.5.4
    # via typer
six==1.17.0
    # via
    #   kubernetes
    #   python-dateutil
sniffio==1.3.1
    # via langsmith
sqlalchemy==2.0.51
    # via langchain-community
sqlparse==0.5.5
    # via
    #   -r requirements.txt
    #   django
sympy==1.14.0
    # via torch
tenacity==9.1.4
    # via
    #   chromadb
    #   langchain-community
    #   langchain-core
threadpoolctl==3.6.0
    # via scikit-learn
tokenizers==0.22.2
    # via
    #   chromadb
    #   transformers
torch==2.13.0
    # via sentence-transformers
tqdm==4.70.0
    # via
    #   -r requirements.txt
    #   chromadb
    #   huggingface-hub
    #   sacremoses
    #   sentence-transformers
    #   transformers
transformers==5.14.1
    # via
    #   -r requirements.txt
    #   sentence-transformers
triton==3.7.1
    # via torch
typer==0.27.1
    # via
    #   chromadb
    #   transformers
typing-extensions==4.16.0
    # via
    #   chromadb
    #   grpcio
    #   huggingface-hub
    #   langchain-core
    #   langsmith
    #   opentelemetry-api
    #   opentelemetry-exporter-otlp-proto-grpc
    #   opentelemetry-sdk
    #   opentelemetry-semantic-conventions
    #   pydantic
    #   pydantic-core
    #   sentence-transformers
    #   sqlalchemy
    #   torch
    #   typing-inspect
    #   typing-inspection
typing-inspect==0.9.0
    # via dataclasses-json
typing-inspection==0.4.2
    # via
    #   pydantic
    #   pydantic-settings
urllib3==2.7.0
    # via
    #   -r requirements.txt
    #   kubernetes
    #   requests
uuid-utils==0.17.0
    # via
    #   langchain-core
    #   langsmith
uvicorn[standard]==0.52.1
    # via chromadb
uvloop==0.22.1
    # via uvicorn
watchfiles==1.2.0
    # via uvicorn
websocket-client==1.9.0
    # via kubernetes
websockets==17.0.1
    # via
    #   langsmith
    #   uvicorn
wheel==0.47.0
    # via pip-tools
whenever==0.10.4
    # via pyzotero
xxhash==3.8.1
    # via
    #   langgraph
    #   langsmith
yarl==1.24.5
    # via aiohttp
youtube-transcript-api==1.2.4
    # via -r requirements.txt
zipp==4.1.0
    # via -r requirements.txt
zstandard==0.25.0
    # via langsmith

# The following packages are considered to be unsafe in a requirements file:
# pip
# setuptools
